{
  "name": "wp-playground-pr-previewer",
  "version": "1.0.0",
  "lockfileVersion": 2,
  "requires": true,
  "packages": {
    "": {
      "name": "wp-playground-pr-previewer",
      "version": "1.0.0",
      "license": "MIT",
      "dependencies": {
        "@wp-playground/client": "^0.1.25"
      }
    },
    "node_modules/@wp-playground/client": {
      "version": "0.1.25",
      "resolved": "https://registry.npmjs.org/@wp-playground/client/-/client-0.1.25.tgz",
      "integrity": "sha512-eXNioowgHQ8r7EWmP2ErYCTZb9Wsvmo+6LrZc6ixQfG1NCzAEkR0DClWZ2PawUjGuTjt+wjjHsmdOcGXaUTeiA=="
    }
  },
  "dependencies": {
    "@wp-playground/client": {
      "version": "0.1.25",
      "resolved": "https://registry.npmjs.org/@wp-playground/client/-/client-0.1.25.tgz",
      "integrity": "sha512-eXNioowgHQ8r7EWmP2ErYCTZb9Wsvmo+6LrZc6ixQfG1NCzAEkR0DClWZ2PawUjGuTjt+wjjHsmdOcGXaUTeiA=="
    }
  }
}
